
Microsoft Visual Studio Solution File, Format Version 12.00
# Visual Studio Version 16
VisualStudioVersion = 16.0.30413.136
MinimumVisualStudioVersion = 10.0.40219.1
Project("{FAE04EC0-301F-11D3-BF4B-00C04F79EFBC}") = "FunWithObservableCollections", "FunWithObservableCollections\FunWithObservableCollections.csproj", "{56676CBB-855F-44BA-9F26-EBE7A703F499}"
EndProject
Global
	GlobalSection(SolutionConfigurationPlatforms) = preSolution
		Debug|Any CPU = Debug|Any CPU
		Release|Any CPU = Release|Any CPU
	EndGlobalSection
	GlobalSection(ProjectConfigurationPlatforms) = postSolution
		{56676CBB-855F-44BA-9F26-EBE7A703F499}.Debug|Any CPU.ActiveCfg = Debug|Any CPU
		{56676CBB-855F-44BA-9F26-EBE7A703F499}.Debug|Any CPU.Build.0 = Debug|Any CPU
		{56676CBB-855F-44BA-9F26-EBE7A703F499}.Release|Any CPU.ActiveCfg = Release|Any CPU
		{56676CBB-855F-44BA-9F26-EBE7A703F499}.Release|Any CPU.Build.0 = Release|Any CPU
	EndGlobalSection
	GlobalSection(SolutionProperties) = preSolution
		HideSolutionNode = FALSE
	EndGlobalSection
	GlobalSection(ExtensibilityGlobals) = postSolution
		SolutionGuid = {D1C67861-0128-4FDE-AD9E-4D725CD8EAD8}
	EndGlobalSection
EndGlobal
