
Microsoft Visual Studio Solution File, Format Version 12.00
# Visual Studio Version 16
VisualStudioVersion = 16.0.30413.136
MinimumVisualStudioVersion = 10.0.40219.1
Project("{FAE04EC0-301F-11D3-BF4B-00C04F79EFBC}") = "CustomNamespaces", "CustomNamespaces\CustomNamespaces.csproj", "{D1B53D3F-EC91-4E38-9420-98463CC8A2B4}"
EndProject
Global
	GlobalSection(SolutionConfigurationPlatforms) = preSolution
		Debug|Any CPU = Debug|Any CPU
		Release|Any CPU = Release|Any CPU
	EndGlobalSection
	GlobalSection(ProjectConfigurationPlatforms) = postSolution
		{D1B53D3F-EC91-4E38-9420-98463CC8A2B4}.Debug|Any CPU.ActiveCfg = Debug|Any CPU
		{D1B53D3F-EC91-4E38-9420-98463CC8A2B4}.Debug|Any CPU.Build.0 = Debug|Any CPU
		{D1B53D3F-EC91-4E38-9420-98463CC8A2B4}.Release|Any CPU.ActiveCfg = Release|Any CPU
		{D1B53D3F-EC91-4E38-9420-98463CC8A2B4}.Release|Any CPU.Build.0 = Release|Any CPU
	EndGlobalSection
	GlobalSection(SolutionProperties) = preSolution
		HideSolutionNode = FALSE
	EndGlobalSection
	GlobalSection(ExtensibilityGlobals) = postSolution
		SolutionGuid = {84A9BD3F-B053-444F-966E-3B33333C51C0}
	EndGlobalSection
EndGlobal
