
Microsoft Visual Studio Solution File, Format Version 12.00
# Visual Studio 15
VisualStudioVersion = 15.0.28307.960
MinimumVisualStudioVersion = 10.0.40219.1
Project("{FAE04EC0-301F-11D3-BF4B-00C04F79EFBC}") = "TypeConversions", "TypeConversions\TypeConversions.csproj", "{36578468-0D36-4A5B-A4A5-8329F2C62BD7}"
EndProject
Global
	GlobalSection(SolutionConfigurationPlatforms) = preSolution
		Debug|Any CPU = Debug|Any CPU
		Release|Any CPU = Release|Any CPU
	EndGlobalSection
	GlobalSection(ProjectConfigurationPlatforms) = postSolution
		{36578468-0D36-4A5B-A4A5-8329F2C62BD7}.Debug|Any CPU.ActiveCfg = Debug|Any CPU
		{36578468-0D36-4A5B-A4A5-8329F2C62BD7}.Debug|Any CPU.Build.0 = Debug|Any CPU
		{36578468-0D36-4A5B-A4A5-8329F2C62BD7}.Release|Any CPU.ActiveCfg = Release|Any CPU
		{36578468-0D36-4A5B-A4A5-8329F2C62BD7}.Release|Any CPU.Build.0 = Release|Any CPU
	EndGlobalSection
	GlobalSection(SolutionProperties) = preSolution
		HideSolutionNode = FALSE
	EndGlobalSection
	GlobalSection(ExtensibilityGlobals) = postSolution
		SolutionGuid = {38501365-7621-4FF1-BF17-0E5FE35FD1E5}
	EndGlobalSection
EndGlobal
