
Microsoft Visual Studio Solution File, Format Version 12.00
# Visual Studio Version 16
VisualStudioVersion = 16.0.30413.136
MinimumVisualStudioVersion = 10.0.40219.1
Project("{FAE04EC0-301F-11D3-BF4B-00C04F79EFBC}") = "SimpleClassMenu", "SimpleClassMenu\SimpleClassMenu.csproj", "{1CA6515C-680E-41DD-AEE0-D11DC7ECBB7B}"
EndProject
Global
	GlobalSection(SolutionConfigurationPlatforms) = preSolution
		Debug|Any CPU = Debug|Any CPU
		Release|Any CPU = Release|Any CPU
	EndGlobalSection
	GlobalSection(ProjectConfigurationPlatforms) = postSolution
		{1CA6515C-680E-41DD-AEE0-D11DC7ECBB7B}.Debug|Any CPU.ActiveCfg = Debug|Any CPU
		{1CA6515C-680E-41DD-AEE0-D11DC7ECBB7B}.Debug|Any CPU.Build.0 = Debug|Any CPU
		{1CA6515C-680E-41DD-AEE0-D11DC7ECBB7B}.Release|Any CPU.ActiveCfg = Release|Any CPU
		{1CA6515C-680E-41DD-AEE0-D11DC7ECBB7B}.Release|Any CPU.Build.0 = Release|Any CPU
	EndGlobalSection
	GlobalSection(SolutionProperties) = preSolution
		HideSolutionNode = FALSE
	EndGlobalSection
	GlobalSection(ExtensibilityGlobals) = postSolution
		SolutionGuid = {7CCCDCDB-91EF-4493-B297-07E51D7249CC}
	EndGlobalSection
EndGlobal
