
Microsoft Visual Studio Solution File, Format Version 12.00
# Visual Studio 15
VisualStudioVersion = 15.0.28307.960
MinimumVisualStudioVersion = 10.0.40219.1
Project("{FAE04EC0-301F-11D3-BF4B-00C04F79EFBC}") = "FunWithArrays", "FunWithArrays\FunWithArrays.csproj", "{3C7A1E1F-C4B0-415B-8F9A-DA545CF61424}"
EndProject
Global
	GlobalSection(SolutionConfigurationPlatforms) = preSolution
		Debug|Any CPU = Debug|Any CPU
		Release|Any CPU = Release|Any CPU
	EndGlobalSection
	GlobalSection(ProjectConfigurationPlatforms) = postSolution
		{3C7A1E1F-C4B0-415B-8F9A-DA545CF61424}.Debug|Any CPU.ActiveCfg = Debug|Any CPU
		{3C7A1E1F-C4B0-415B-8F9A-DA545CF61424}.Debug|Any CPU.Build.0 = Debug|Any CPU
		{3C7A1E1F-C4B0-415B-8F9A-DA545CF61424}.Release|Any CPU.ActiveCfg = Release|Any CPU
		{3C7A1E1F-C4B0-415B-8F9A-DA545CF61424}.Release|Any CPU.Build.0 = Release|Any CPU
	EndGlobalSection
	GlobalSection(SolutionProperties) = preSolution
		HideSolutionNode = FALSE
	EndGlobalSection
	GlobalSection(ExtensibilityGlobals) = postSolution
		SolutionGuid = {283FE3D7-7B8F-4D5D-9905-43E63F0EDFAB}
	EndGlobalSection
EndGlobal
