
Microsoft Visual Studio Solution File, Format Version 12.00
# Visual Studio 15
VisualStudioVersion = 15.0.28307.960
MinimumVisualStudioVersion = 10.0.40219.1
Project("{FAE04EC0-301F-11D3-BF4B-00C04F79EFBC}") = "ConstData", "ConstData\ConstData.csproj", "{8CE4DDE0-9ACC-48A8-8DBA-4A32FAE402F1}"
EndProject
Global
	GlobalSection(SolutionConfigurationPlatforms) = preSolution
		Debug|Any CPU = Debug|Any CPU
		Release|Any CPU = Release|Any CPU
	EndGlobalSection
	GlobalSection(ProjectConfigurationPlatforms) = postSolution
		{8CE4DDE0-9ACC-48A8-8DBA-4A32FAE402F1}.Debug|Any CPU.ActiveCfg = Debug|Any CPU
		{8CE4DDE0-9ACC-48A8-8DBA-4A32FAE402F1}.Debug|Any CPU.Build.0 = Debug|Any CPU
		{8CE4DDE0-9ACC-48A8-8DBA-4A32FAE402F1}.Release|Any CPU.ActiveCfg = Release|Any CPU
		{8CE4DDE0-9ACC-48A8-8DBA-4A32FAE402F1}.Release|Any CPU.Build.0 = Release|Any CPU
	EndGlobalSection
	GlobalSection(SolutionProperties) = preSolution
		HideSolutionNode = FALSE
	EndGlobalSection
	GlobalSection(ExtensibilityGlobals) = postSolution
		SolutionGuid = {99E1566D-7D10-4978-BA63-85C4F884F3B3}
	EndGlobalSection
EndGlobal
