
Microsoft Visual Studio Solution File, Format Version 12.00
# Visual Studio 15
VisualStudioVersion = 15.0.28307.960
MinimumVisualStudioVersion = 10.0.40219.1
Project("{FAE04EC0-301F-11D3-BF4B-00C04F79EFBC}") = "ObjectInitializers", "ObjectInitializers\ObjectInitializers.csproj", "{3E544442-B94A-4D6D-B226-DA74B4F71DF9}"
EndProject
Global
	GlobalSection(SolutionConfigurationPlatforms) = preSolution
		Debug|Any CPU = Debug|Any CPU
		Release|Any CPU = Release|Any CPU
	EndGlobalSection
	GlobalSection(ProjectConfigurationPlatforms) = postSolution
		{3E544442-B94A-4D6D-B226-DA74B4F71DF9}.Debug|Any CPU.ActiveCfg = Debug|Any CPU
		{3E544442-B94A-4D6D-B226-DA74B4F71DF9}.Debug|Any CPU.Build.0 = Debug|Any CPU
		{3E544442-B94A-4D6D-B226-DA74B4F71DF9}.Release|Any CPU.ActiveCfg = Release|Any CPU
		{3E544442-B94A-4D6D-B226-DA74B4F71DF9}.Release|Any CPU.Build.0 = Release|Any CPU
	EndGlobalSection
	GlobalSection(SolutionProperties) = preSolution
		HideSolutionNode = FALSE
	EndGlobalSection
	GlobalSection(ExtensibilityGlobals) = postSolution
		SolutionGuid = {95B81AFA-4D61-4DC1-B77D-8428A17D08C6}
	EndGlobalSection
EndGlobal
