
Microsoft Visual Studio Solution File, Format Version 12.00
# Visual Studio 15
VisualStudioVersion = 15.0.28307.960
MinimumVisualStudioVersion = 10.0.40219.1
Project("{FAE04EC0-301F-11D3-BF4B-00C04F79EFBC}") = "StreamWritrerReaderApp", "StreamWritrerReaderApp\StreamWritrerReaderApp.csproj", "{3A456821-375B-477F-BE32-7D096DADD95D}"
EndProject
Global
	GlobalSection(SolutionConfigurationPlatforms) = preSolution
		Debug|Any CPU = Debug|Any CPU
		Release|Any CPU = Release|Any CPU
	EndGlobalSection
	GlobalSection(ProjectConfigurationPlatforms) = postSolution
		{3A456821-375B-477F-BE32-7D096DADD95D}.Debug|Any CPU.ActiveCfg = Debug|Any CPU
		{3A456821-375B-477F-BE32-7D096DADD95D}.Debug|Any CPU.Build.0 = Debug|Any CPU
		{3A456821-375B-477F-BE32-7D096DADD95D}.Release|Any CPU.ActiveCfg = Release|Any CPU
		{3A456821-375B-477F-BE32-7D096DADD95D}.Release|Any CPU.Build.0 = Release|Any CPU
	EndGlobalSection
	GlobalSection(SolutionProperties) = preSolution
		HideSolutionNode = FALSE
	EndGlobalSection
	GlobalSection(ExtensibilityGlobals) = postSolution
		SolutionGuid = {2F931D5D-119B-4C1C-9007-573A42FB9505}
	EndGlobalSection
EndGlobal
