
Microsoft Visual Studio Solution File, Format Version 12.00
# Visual Studio Version 16
VisualStudioVersion = 16.0.30413.136
MinimumVisualStudioVersion = 10.0.40219.1
Project("{FAE04EC0-301F-11D3-BF4B-00C04F79EFBC}") = "ComparableCar", "ComparableCar\ComparableCar.csproj", "{51CA0B1D-CB45-48E9-9597-78D5A22F5AF1}"
EndProject
Global
	GlobalSection(SolutionConfigurationPlatforms) = preSolution
		Debug|Any CPU = Debug|Any CPU
		Release|Any CPU = Release|Any CPU
	EndGlobalSection
	GlobalSection(ProjectConfigurationPlatforms) = postSolution
		{51CA0B1D-CB45-48E9-9597-78D5A22F5AF1}.Debug|Any CPU.ActiveCfg = Debug|Any CPU
		{51CA0B1D-CB45-48E9-9597-78D5A22F5AF1}.Debug|Any CPU.Build.0 = Debug|Any CPU
		{51CA0B1D-CB45-48E9-9597-78D5A22F5AF1}.Release|Any CPU.ActiveCfg = Release|Any CPU
		{51CA0B1D-CB45-48E9-9597-78D5A22F5AF1}.Release|Any CPU.Build.0 = Release|Any CPU
	EndGlobalSection
	GlobalSection(SolutionProperties) = preSolution
		HideSolutionNode = FALSE
	EndGlobalSection
	GlobalSection(ExtensibilityGlobals) = postSolution
		SolutionGuid = {A8C20A78-DD6B-4981-9D4E-4F4280E3C782}
	EndGlobalSection
EndGlobal
