
Microsoft Visual Studio Solution File, Format Version 12.00
# Visual Studio 15
VisualStudioVersion = 15.0.28307.960
MinimumVisualStudioVersion = 10.0.40219.1
Project("{FAE04EC0-301F-11D3-BF4B-00C04F79EFBC}") = "ImplicitlyTypedLocalVars", "ImplicitlyTypedLocalVars\ImplicitlyTypedLocalVars.csproj", "{DC6EBCFA-B928-4949-8387-904BFF532EDD}"
EndProject
Global
	GlobalSection(SolutionConfigurationPlatforms) = preSolution
		Debug|Any CPU = Debug|Any CPU
		Release|Any CPU = Release|Any CPU
	EndGlobalSection
	GlobalSection(ProjectConfigurationPlatforms) = postSolution
		{DC6EBCFA-B928-4949-8387-904BFF532EDD}.Debug|Any CPU.ActiveCfg = Debug|Any CPU
		{DC6EBCFA-B928-4949-8387-904BFF532EDD}.Debug|Any CPU.Build.0 = Debug|Any CPU
		{DC6EBCFA-B928-4949-8387-904BFF532EDD}.Release|Any CPU.ActiveCfg = Release|Any CPU
		{DC6EBCFA-B928-4949-8387-904BFF532EDD}.Release|Any CPU.Build.0 = Release|Any CPU
	EndGlobalSection
	GlobalSection(SolutionProperties) = preSolution
		HideSolutionNode = FALSE
	EndGlobalSection
	GlobalSection(ExtensibilityGlobals) = postSolution
		SolutionGuid = {6FD4E897-FEAF-4268-9543-851344A6A106}
	EndGlobalSection
EndGlobal
