
Microsoft Visual Studio Solution File, Format Version 12.00
# Visual Studio Version 16
VisualStudioVersion = 16.0.30413.136
MinimumVisualStudioVersion = 10.0.40219.1
Project("{FAE04EC0-301F-11D3-BF4B-00C04F79EFBC}") = "FunWihLinqExpressions", "FunWihLinqExpressions\FunWihLinqExpressions.csproj", "{6235A492-FBF8-48A6-8420-C02EF0AEDE0C}"
EndProject
Global
	GlobalSection(SolutionConfigurationPlatforms) = preSolution
		Debug|Any CPU = Debug|Any CPU
		Release|Any CPU = Release|Any CPU
	EndGlobalSection
	GlobalSection(ProjectConfigurationPlatforms) = postSolution
		{6235A492-FBF8-48A6-8420-C02EF0AEDE0C}.Debug|Any CPU.ActiveCfg = Debug|Any CPU
		{6235A492-FBF8-48A6-8420-C02EF0AEDE0C}.Debug|Any CPU.Build.0 = Debug|Any CPU
		{6235A492-FBF8-48A6-8420-C02EF0AEDE0C}.Release|Any CPU.ActiveCfg = Release|Any CPU
		{6235A492-FBF8-48A6-8420-C02EF0AEDE0C}.Release|Any CPU.Build.0 = Release|Any CPU
	EndGlobalSection
	GlobalSection(SolutionProperties) = preSolution
		HideSolutionNode = FALSE
	EndGlobalSection
	GlobalSection(ExtensibilityGlobals) = postSolution
		SolutionGuid = {7FE0E37D-CC7B-4F73-B4A0-E7CC7082EAC9}
	EndGlobalSection
EndGlobal
