
Microsoft Visual Studio Solution File, Format Version 12.00
# Visual Studio 15
VisualStudioVersion = 15.0.28307.960
MinimumVisualStudioVersion = 10.0.40219.1
Project("{FAE04EC0-301F-11D3-BF4B-00C04F79EFBC}") = "SimpleCSharpApp", "SimpleCSharpApp\SimpleCSharpApp.csproj", "{ECB018D4-5A86-4684-844D-094485A751BA}"
EndProject
Global
	GlobalSection(SolutionConfigurationPlatforms) = preSolution
		Debug|Any CPU = Debug|Any CPU
		Release|Any CPU = Release|Any CPU
	EndGlobalSection
	GlobalSection(ProjectConfigurationPlatforms) = postSolution
		{ECB018D4-5A86-4684-844D-094485A751BA}.Debug|Any CPU.ActiveCfg = Debug|Any CPU
		{ECB018D4-5A86-4684-844D-094485A751BA}.Debug|Any CPU.Build.0 = Debug|Any CPU
		{ECB018D4-5A86-4684-844D-094485A751BA}.Release|Any CPU.ActiveCfg = Release|Any CPU
		{ECB018D4-5A86-4684-844D-094485A751BA}.Release|Any CPU.Build.0 = Release|Any CPU
	EndGlobalSection
	GlobalSection(SolutionProperties) = preSolution
		HideSolutionNode = FALSE
	EndGlobalSection
	GlobalSection(ExtensibilityGlobals) = postSolution
		SolutionGuid = {64FE8286-0737-473C-BC56-80C05939372B}
	EndGlobalSection
EndGlobal
