
Microsoft Visual Studio Solution File, Format Version 12.00
# Visual Studio Version 16
VisualStudioVersion = 16.0.30413.136
MinimumVisualStudioVersion = 10.0.40219.1
Project("{FAE04EC0-301F-11D3-BF4B-00C04F79EFBC}") = "LinqRetValues", "LinqRetValues\LinqRetValues.csproj", "{D2A3B43E-A25B-4D3D-82B0-91057C96A1D1}"
EndProject
Global
	GlobalSection(SolutionConfigurationPlatforms) = preSolution
		Debug|Any CPU = Debug|Any CPU
		Release|Any CPU = Release|Any CPU
	EndGlobalSection
	GlobalSection(ProjectConfigurationPlatforms) = postSolution
		{D2A3B43E-A25B-4D3D-82B0-91057C96A1D1}.Debug|Any CPU.ActiveCfg = Debug|Any CPU
		{D2A3B43E-A25B-4D3D-82B0-91057C96A1D1}.Debug|Any CPU.Build.0 = Debug|Any CPU
		{D2A3B43E-A25B-4D3D-82B0-91057C96A1D1}.Release|Any CPU.ActiveCfg = Release|Any CPU
		{D2A3B43E-A25B-4D3D-82B0-91057C96A1D1}.Release|Any CPU.Build.0 = Release|Any CPU
	EndGlobalSection
	GlobalSection(SolutionProperties) = preSolution
		HideSolutionNode = FALSE
	EndGlobalSection
	GlobalSection(ExtensibilityGlobals) = postSolution
		SolutionGuid = {B2CC8037-2A0D-4325-8BD8-5641F585466D}
	EndGlobalSection
EndGlobal
