
Microsoft Visual Studio Solution File, Format Version 12.00
# Visual Studio Version 16
VisualStudioVersion = 16.0.30413.136
MinimumVisualStudioVersion = 10.0.40219.1
Project("{FAE04EC0-301F-11D3-BF4B-00C04F79EFBC}") = "IEClonableExample", "IEClonableExample\IEClonableExample.csproj", "{31345515-68A8-4E86-ACC9-30FB0FE00FA9}"
EndProject
Global
	GlobalSection(SolutionConfigurationPlatforms) = preSolution
		Debug|Any CPU = Debug|Any CPU
		Release|Any CPU = Release|Any CPU
	EndGlobalSection
	GlobalSection(ProjectConfigurationPlatforms) = postSolution
		{31345515-68A8-4E86-ACC9-30FB0FE00FA9}.Debug|Any CPU.ActiveCfg = Debug|Any CPU
		{31345515-68A8-4E86-ACC9-30FB0FE00FA9}.Debug|Any CPU.Build.0 = Debug|Any CPU
		{31345515-68A8-4E86-ACC9-30FB0FE00FA9}.Release|Any CPU.ActiveCfg = Release|Any CPU
		{31345515-68A8-4E86-ACC9-30FB0FE00FA9}.Release|Any CPU.Build.0 = Release|Any CPU
	EndGlobalSection
	GlobalSection(SolutionProperties) = preSolution
		HideSolutionNode = FALSE
	EndGlobalSection
	GlobalSection(ExtensibilityGlobals) = postSolution
		SolutionGuid = {2BDB7684-39E0-44C1-8F43-FB49A49B2AE5}
	EndGlobalSection
EndGlobal
