
Microsoft Visual Studio Solution File, Format Version 12.00
# Visual Studio Version 16
VisualStudioVersion = 16.0.30413.136
MinimumVisualStudioVersion = 10.0.40219.1
Project("{FAE04EC0-301F-11D3-BF4B-00C04F79EFBC}") = "MyDirectoryWatcher", "MyDirectoryWatcher\MyDirectoryWatcher.csproj", "{0603D06E-A74A-4F58-9719-060D167DFE83}"
EndProject
Global
	GlobalSection(SolutionConfigurationPlatforms) = preSolution
		Debug|Any CPU = Debug|Any CPU
		Release|Any CPU = Release|Any CPU
	EndGlobalSection
	GlobalSection(ProjectConfigurationPlatforms) = postSolution
		{0603D06E-A74A-4F58-9719-060D167DFE83}.Debug|Any CPU.ActiveCfg = Debug|Any CPU
		{0603D06E-A74A-4F58-9719-060D167DFE83}.Debug|Any CPU.Build.0 = Debug|Any CPU
		{0603D06E-A74A-4F58-9719-060D167DFE83}.Release|Any CPU.ActiveCfg = Release|Any CPU
		{0603D06E-A74A-4F58-9719-060D167DFE83}.Release|Any CPU.Build.0 = Release|Any CPU
	EndGlobalSection
	GlobalSection(SolutionProperties) = preSolution
		HideSolutionNode = FALSE
	EndGlobalSection
	GlobalSection(ExtensibilityGlobals) = postSolution
		SolutionGuid = {B7FF319D-0B32-4312-85BA-401BC97EC9B5}
	EndGlobalSection
EndGlobal
